// !$*UTF8*$!
{
	archiveVersion = 1;
	classes = {
	};
	objectVersion = 56;
	objects = {

/* Begin PBXBuildFile section */
		1B29C4FA29E2134F0025A624 /* GameView.swift in Sources */ = {isa = PBXBuildFile; fileRef = 1B29C4F829E2134F0025A624 /* GameView.swift */; };
		1B29C4FB29E2134F0025A624 /* GameViewModel.swift in Sources */ = {isa = PBXBuildFile; fileRef = 1B29C4F929E2134F0025A624 /* GameViewModel.swift */; };
		1B29C50229E2F02A0025A624 /* TopBarView.swift in Sources */ = {isa = PBXBuildFile; fileRef = 1B29C50029E2F02A0025A624 /* TopBarView.swift */; };
		1B29C50329E2F02A0025A624 /* TopBarViewModel.swift in Sources */ = {isa = PBXBuildFile; fileRef = 1B29C50129E2F02A0025A624 /* TopBarViewModel.swift */; };
		1B29C50929E2F5440025A624 /* PlayingTableViewModel.swift in Sources */ = {isa = PBXBuildFile; fileRef = 1B29C50729E2F5440025A624 /* PlayingTableViewModel.swift */; };
		1B29C50A29E2F5440025A624 /* PlayingTableView.swift in Sources */ = {isa = PBXBuildFile; fileRef = 1B29C50829E2F5440025A624 /* PlayingTableView.swift */; };
		1B29C50D29E2F9A90025A624 /* Color.swift in Sources */ = {isa = PBXBuildFile; fileRef = 1B29C50C29E2F9A90025A624 /* Color.swift */; };
		1B29C50F29E311210025A624 /* Size.swift in Sources */ = {isa = PBXBuildFile; fileRef = 1B29C50E29E311210025A624 /* Size.swift */; };
		1BFF4E5F29E1AD17007E2A11 /* Dixit_BoardApp.swift in Sources */ = {isa = PBXBuildFile; fileRef = 1BFF4E5E29E1AD17007E2A11 /* Dixit_BoardApp.swift */; };
		1BFF4E6129E1AD17007E2A11 /* ContentView.swift in Sources */ = {isa = PBXBuildFile; fileRef = 1BFF4E6029E1AD17007E2A11 /* ContentView.swift */; };
		1BFF4E6329E1AD18007E2A11 /* Assets.xcassets in Resources */ = {isa = PBXBuildFile; fileRef = 1BFF4E6229E1AD18007E2A11 /* Assets.xcassets */; };
		1BFF4E6629E1AD18007E2A11 /* Preview Assets.xcassets in Resources */ = {isa = PBXBuildFile; fileRef = 1BFF4E6529E1AD18007E2A11 /* Preview Assets.xcassets */; };
		1BFF4E7129E1C2D3007E2A11 /* StackedCircles.swift in Sources */ = {isa = PBXBuildFile; fileRef = 1BFF4E7029E1C2D3007E2A11 /* StackedCircles.swift */; };
		1BFF4E7B29E1E83A007E2A11 /* SectorView.swift in Sources */ = {isa = PBXBuildFile; fileRef = 1BFF4E7929E1E83A007E2A11 /* SectorView.swift */; };
		1BFF4E7C29E1E83A007E2A11 /* SectorViewModel.swift in Sources */ = {isa = PBXBuildFile; fileRef = 1BFF4E7A29E1E83A007E2A11 /* SectorViewModel.swift */; };
		1BFF4E7F29E1E8C1007E2A11 /* Triangle.swift in Sources */ = {isa = PBXBuildFile; fileRef = 1BFF4E7E29E1E8C1007E2A11 /* Triangle.swift */; };
		1BFF4E8129E1F2FF007E2A11 /* Sector.swift in Sources */ = {isa = PBXBuildFile; fileRef = 1BFF4E8029E1F2FF007E2A11 /* Sector.swift */; };
		1BFF4E8829E1FA53007E2A11 /* PlayerViewModel.swift in Sources */ = {isa = PBXBuildFile; fileRef = 1BFF4E8629E1FA53007E2A11 /* PlayerViewModel.swift */; };
		1BFF4E8929E1FA53007E2A11 /* PlayerView.swift in Sources */ = {isa = PBXBuildFile; fileRef = 1BFF4E8729E1FA53007E2A11 /* PlayerView.swift */; };
		1BFF4E8B29E1FAD8007E2A11 /* Player.swift in Sources */ = {isa = PBXBuildFile; fileRef = 1BFF4E8A29E1FAD8007E2A11 /* Player.swift */; };
		1BFF4E8D29E1FBA9007E2A11 /* DXColor.swift in Sources */ = {isa = PBXBuildFile; fileRef = 1BFF4E8C29E1FBA9007E2A11 /* DXColor.swift */; };
		1BFF4E9029E204A8007E2A11 /* View+Extension.swift in Sources */ = {isa = PBXBuildFile; fileRef = 1BFF4E8F29E204A8007E2A11 /* View+Extension.swift */; };
		1BFF4E9629E205D1007E2A11 /* BottomBarView.swift in Sources */ = {isa = PBXBuildFile; fileRef = 1BFF4E9429E205D1007E2A11 /* BottomBarView.swift */; };
		1BFF4E9729E205D1007E2A11 /* BottomBarViewModel.swift in Sources */ = {isa = PBXBuildFile; fileRef = 1BFF4E9529E205D1007E2A11 /* BottomBarViewModel.swift */; };
		1BFF4E9A29E20C96007E2A11 /* RoundedCornersShape.swift in Sources */ = {isa = PBXBuildFile; fileRef = 1BFF4E9929E20C96007E2A11 /* RoundedCornersShape.swift */; };
/* End PBXBuildFile section */

/* Begin PBXFileReference section */
		1B29C4F829E2134F0025A624 /* GameView.swift */ = {isa = PBXFileReference; fileEncoding = 4; lastKnownFileType = sourcecode.swift; path = GameView.swift; sourceTree = "<group>"; };
		1B29C4F929E2134F0025A624 /* GameViewModel.swift */ = {isa = PBXFileReference; fileEncoding = 4; lastKnownFileType = sourcecode.swift; path = GameViewModel.swift; sourceTree = "<group>"; };
		1B29C50029E2F02A0025A624 /* TopBarView.swift */ = {isa = PBXFileReference; fileEncoding = 4; lastKnownFileType = sourcecode.swift; path = TopBarView.swift; sourceTree = "<group>"; };
		1B29C50129E2F02A0025A624 /* TopBarViewModel.swift */ = {isa = PBXFileReference; fileEncoding = 4; lastKnownFileType = sourcecode.swift; path = TopBarViewModel.swift; sourceTree = "<group>"; };
		1B29C50729E2F5440025A624 /* PlayingTableViewModel.swift */ = {isa = PBXFileReference; fileEncoding = 4; lastKnownFileType = sourcecode.swift; path = PlayingTableViewModel.swift; sourceTree = "<group>"; };
		1B29C50829E2F5440025A624 /* PlayingTableView.swift */ = {isa = PBXFileReference; fileEncoding = 4; lastKnownFileType = sourcecode.swift; path = PlayingTableView.swift; sourceTree = "<group>"; };
		1B29C50C29E2F9A90025A624 /* Color.swift */ = {isa = PBXFileReference; lastKnownFileType = sourcecode.swift; path = Color.swift; sourceTree = "<group>"; };
		1B29C50E29E311210025A624 /* Size.swift */ = {isa = PBXFileReference; lastKnownFileType = sourcecode.swift; path = Size.swift; sourceTree = "<group>"; };
		1BFF4E5B29E1AD17007E2A11 /* Dixit Board.app */ = {isa = PBXFileReference; explicitFileType = wrapper.application; includeInIndex = 0; path = "Dixit Board.app"; sourceTree = BUILT_PRODUCTS_DIR; };
		1BFF4E5E29E1AD17007E2A11 /* Dixit_BoardApp.swift */ = {isa = PBXFileReference; lastKnownFileType = sourcecode.swift; path = Dixit_BoardApp.swift; sourceTree = "<group>"; };
		1BFF4E6029E1AD17007E2A11 /* ContentView.swift */ = {isa = PBXFileReference; lastKnownFileType = sourcecode.swift; path = ContentView.swift; sourceTree = "<group>"; };
		1BFF4E6229E1AD18007E2A11 /* Assets.xcassets */ = {isa = PBXFileReference; lastKnownFileType = folder.assetcatalog; path = Assets.xcassets; sourceTree = "<group>"; };
		1BFF4E6529E1AD18007E2A11 /* Preview Assets.xcassets */ = {isa = PBXFileReference; lastKnownFileType = folder.assetcatalog; path = "Preview Assets.xcassets"; sourceTree = "<group>"; };
		1BFF4E7029E1C2D3007E2A11 /* StackedCircles.swift */ = {isa = PBXFileReference; lastKnownFileType = sourcecode.swift; path = StackedCircles.swift; sourceTree = "<group>"; };
		1BFF4E7929E1E83A007E2A11 /* SectorView.swift */ = {isa = PBXFileReference; fileEncoding = 4; lastKnownFileType = sourcecode.swift; path = SectorView.swift; sourceTree = "<group>"; };
		1BFF4E7A29E1E83A007E2A11 /* SectorViewModel.swift */ = {isa = PBXFileReference; fileEncoding = 4; lastKnownFileType = sourcecode.swift; path = SectorViewModel.swift; sourceTree = "<group>"; };
		1BFF4E7E29E1E8C1007E2A11 /* Triangle.swift */ = {isa = PBXFileReference; lastKnownFileType = sourcecode.swift; path = Triangle.swift; sourceTree = "<group>"; };
		1BFF4E8029E1F2FF007E2A11 /* Sector.swift */ = {isa = PBXFileReference; lastKnownFileType = sourcecode.swift; path = Sector.swift; sourceTree = "<group>"; };
		1BFF4E8629E1FA53007E2A11 /* PlayerViewModel.swift */ = {isa = PBXFileReference; fileEncoding = 4; lastKnownFileType = sourcecode.swift; path = PlayerViewModel.swift; sourceTree = "<group>"; };
		1BFF4E8729E1FA53007E2A11 /* PlayerView.swift */ = {isa = PBXFileReference; fileEncoding = 4; lastKnownFileType = sourcecode.swift; path = PlayerView.swift; sourceTree = "<group>"; };
		1BFF4E8A29E1FAD8007E2A11 /* Player.swift */ = {isa = PBXFileReference; lastKnownFileType = sourcecode.swift; path = Player.swift; sourceTree = "<group>"; };
		1BFF4E8C29E1FBA9007E2A11 /* DXColor.swift */ = {isa = PBXFileReference; lastKnownFileType = sourcecode.swift; path = DXColor.swift; sourceTree = "<group>"; };
		1BFF4E8F29E204A8007E2A11 /* View+Extension.swift */ = {isa = PBXFileReference; lastKnownFileType = sourcecode.swift; path = "View+Extension.swift"; sourceTree = "<group>"; };
		1BFF4E9429E205D1007E2A11 /* BottomBarView.swift */ = {isa = PBXFileReference; fileEncoding = 4; lastKnownFileType = sourcecode.swift; path = BottomBarView.swift; sourceTree = "<group>"; };
		1BFF4E9529E205D1007E2A11 /* BottomBarViewModel.swift */ = {isa = PBXFileReference; fileEncoding = 4; lastKnownFileType = sourcecode.swift; path = BottomBarViewModel.swift; sourceTree = "<group>"; };
		1BFF4E9929E20C96007E2A11 /* RoundedCornersShape.swift */ = {isa = PBXFileReference; lastKnownFileType = sourcecode.swift; path = RoundedCornersShape.swift; sourceTree = "<group>"; };
/* End PBXFileReference section */

/* Begin PBXFrameworksBuildPhase section */
		1BFF4E5829E1AD17007E2A11 /* Frameworks */ = {
			isa = PBXFrameworksBuildPhase;
			buildActionMask = 2147483647;
			files = (
			);
			runOnlyForDeploymentPostprocessing = 0;
		};
/* End PBXFrameworksBuildPhase section */

/* Begin PBXGroup section */
		1B29C4F429E20DAC0025A624 /* Scenes */ = {
			isa = PBXGroup;
			children = (
				1B29C4F729E2134F0025A624 /* Game */,
			);
			path = Scenes;
			sourceTree = "<group>";
		};
		1B29C4F729E2134F0025A624 /* Game */ = {
			isa = PBXGroup;
			children = (
				1B29C4F829E2134F0025A624 /* GameView.swift */,
				1B29C4F929E2134F0025A624 /* GameViewModel.swift */,
			);
			path = Game;
			sourceTree = "<group>";
		};
		1B29C4FF29E2F02A0025A624 /* TopBar */ = {
			isa = PBXGroup;
			children = (
				1B29C50029E2F02A0025A624 /* TopBarView.swift */,
				1B29C50129E2F02A0025A624 /* TopBarViewModel.swift */,
			);
			path = TopBar;
			sourceTree = "<group>";
		};
		1B29C50629E2F5440025A624 /* PlayingTable */ = {
			isa = PBXGroup;
			children = (
				1B29C50729E2F5440025A624 /* PlayingTableViewModel.swift */,
				1B29C50829E2F5440025A624 /* PlayingTableView.swift */,
			);
			path = PlayingTable;
			sourceTree = "<group>";
		};
		1B29C50B29E2F9970025A624 /* Constants */ = {
			isa = PBXGroup;
			children = (
				1B29C50C29E2F9A90025A624 /* Color.swift */,
				1B29C50E29E311210025A624 /* Size.swift */,
			);
			path = Constants;
			sourceTree = "<group>";
		};
		1BFF4E5229E1AD17007E2A11 = {
			isa = PBXGroup;
			children = (
				1BFF4E5D29E1AD17007E2A11 /* Dixit Board */,
				1BFF4E5C29E1AD17007E2A11 /* Products */,
			);
			sourceTree = "<group>";
		};
		1BFF4E5C29E1AD17007E2A11 /* Products */ = {
			isa = PBXGroup;
			children = (
				1BFF4E5B29E1AD17007E2A11 /* Dixit Board.app */,
			);
			name = Products;
			sourceTree = "<group>";
		};
		1BFF4E5D29E1AD17007E2A11 /* Dixit Board */ = {
			isa = PBXGroup;
			children = (
				1B29C4F429E20DAC0025A624 /* Scenes */,
				1BFF4E9829E20C8D007E2A11 /* Misc */,
				1BFF4E8E29E2049D007E2A11 /* Extensions */,
				1BFF4E8229E1F61E007E2A11 /* Common */,
				1BFF4E7D29E1E8B3007E2A11 /* Views */,
				1BFF4E7E29E1E8C1007E2A11 /* Triangle.swift */,
				1BFF4E7029E1C2D3007E2A11 /* StackedCircles.swift */,
				1BFF4E6229E1AD18007E2A11 /* Assets.xcassets */,
				1BFF4E6429E1AD18007E2A11 /* Preview Content */,
				1BFF4E8C29E1FBA9007E2A11 /* DXColor.swift */,
			);
			path = "Dixit Board";
			sourceTree = "<group>";
		};
		1BFF4E6429E1AD18007E2A11 /* Preview Content */ = {
			isa = PBXGroup;
			children = (
				1BFF4E6529E1AD18007E2A11 /* Preview Assets.xcassets */,
			);
			path = "Preview Content";
			sourceTree = "<group>";
		};
		1BFF4E7829E1E83A007E2A11 /* Sector */ = {
			isa = PBXGroup;
			children = (
				1BFF4E7929E1E83A007E2A11 /* SectorView.swift */,
				1BFF4E7A29E1E83A007E2A11 /* SectorViewModel.swift */,
				1BFF4E8029E1F2FF007E2A11 /* Sector.swift */,
			);
			path = Sector;
			sourceTree = "<group>";
		};
		1BFF4E7D29E1E8B3007E2A11 /* Views */ = {
			isa = PBXGroup;
			children = (
				1BFF4E7829E1E83A007E2A11 /* Sector */,
				1BFF4E8529E1FA53007E2A11 /* Player */,
				1BFF4E9329E205D1007E2A11 /* BottomBar */,
				1B29C4FF29E2F02A0025A624 /* TopBar */,
				1B29C50629E2F5440025A624 /* PlayingTable */,
			);
			path = Views;
			sourceTree = "<group>";
		};
		1BFF4E8229E1F61E007E2A11 /* Common */ = {
			isa = PBXGroup;
			children = (
				1B29C50B29E2F9970025A624 /* Constants */,
				1BFF4E5E29E1AD17007E2A11 /* Dixit_BoardApp.swift */,
				1BFF4E6029E1AD17007E2A11 /* ContentView.swift */,
			);
			path = Common;
			sourceTree = "<group>";
		};
		1BFF4E8529E1FA53007E2A11 /* Player */ = {
			isa = PBXGroup;
			children = (
				1BFF4E8629E1FA53007E2A11 /* PlayerViewModel.swift */,
				1BFF4E8729E1FA53007E2A11 /* PlayerView.swift */,
				1BFF4E8A29E1FAD8007E2A11 /* Player.swift */,
			);
			path = Player;
			sourceTree = "<group>";
		};
		1BFF4E8E29E2049D007E2A11 /* Extensions */ = {
			isa = PBXGroup;
			children = (
				1BFF4E8F29E204A8007E2A11 /* View+Extension.swift */,
			);
			path = Extensions;
			sourceTree = "<group>";
		};
		1BFF4E9329E205D1007E2A11 /* BottomBar */ = {
			isa = PBXGroup;
			children = (
				1BFF4E9429E205D1007E2A11 /* BottomBarView.swift */,
				1BFF4E9529E205D1007E2A11 /* BottomBarViewModel.swift */,
			);
			path = BottomBar;
			sourceTree = "<group>";
		};
		1BFF4E9829E20C8D007E2A11 /* Misc */ = {
			isa = PBXGroup;
			children = (
				1BFF4E9929E20C96007E2A11 /* RoundedCornersShape.swift */,
			);
			path = Misc;
			sourceTree = "<group>";
		};
/* End PBXGroup section */

/* Begin PBXNativeTarget section */
		1BFF4E5A29E1AD17007E2A11 /* Dixit Board */ = {
			isa = PBXNativeTarget;
			buildConfigurationList = 1BFF4E6929E1AD18007E2A11 /* Build configuration list for PBXNativeTarget "Dixit Board" */;
			buildPhases = (
				1BFF4E5729E1AD17007E2A11 /* Sources */,
				1BFF4E5829E1AD17007E2A11 /* Frameworks */,
				1BFF4E5929E1AD17007E2A11 /* Resources */,
			);
			buildRules = (
			);
			dependencies = (
			);
			name = "Dixit Board";
			productName = "Dixit Board";
			productReference = 1BFF4E5B29E1AD17007E2A11 /* Dixit Board.app */;
			productType = "com.apple.product-type.application";
		};
/* End PBXNativeTarget section */

/* Begin PBXProject section */
		1BFF4E5329E1AD17007E2A11 /* Project object */ = {
			isa = PBXProject;
			attributes = {
				BuildIndependentTargetsInParallel = 1;
				LastSwiftUpdateCheck = 1420;
				LastUpgradeCheck = 1420;
				TargetAttributes = {
					1BFF4E5A29E1AD17007E2A11 = {
						CreatedOnToolsVersion = 14.2;
					};
				};
			};
			buildConfigurationList = 1BFF4E5629E1AD17007E2A11 /* Build configuration list for PBXProject "Dixit Board" */;
			compatibilityVersion = "Xcode 14.0";
			developmentRegion = en;
			hasScannedForEncodings = 0;
			knownRegions = (
				en,
				Base,
			);
			mainGroup = 1BFF4E5229E1AD17007E2A11;
			productRefGroup = 1BFF4E5C29E1AD17007E2A11 /* Products */;
			projectDirPath = "";
			projectRoot = "";
			targets = (
				1BFF4E5A29E1AD17007E2A11 /* Dixit Board */,
			);
		};
/* End PBXProject section */

/* Begin PBXResourcesBuildPhase section */
		1BFF4E5929E1AD17007E2A11 /* Resources */ = {
			isa = PBXResourcesBuildPhase;
			buildActionMask = 2147483647;
			files = (
				1BFF4E6629E1AD18007E2A11 /* Preview Assets.xcassets in Resources */,
				1BFF4E6329E1AD18007E2A11 /* Assets.xcassets in Resources */,
			);
			runOnlyForDeploymentPostprocessing = 0;
		};
/* End PBXResourcesBuildPhase section */

/* Begin PBXSourcesBuildPhase section */
		1BFF4E5729E1AD17007E2A11 /* Sources */ = {
			isa = PBXSourcesBuildPhase;
			buildActionMask = 2147483647;
			files = (
				1BFF4E8929E1FA53007E2A11 /* PlayerView.swift in Sources */,
				1BFF4E7C29E1E83A007E2A11 /* SectorViewModel.swift in Sources */,
				1B29C50929E2F5440025A624 /* PlayingTableViewModel.swift in Sources */,
				1BFF4E8829E1FA53007E2A11 /* PlayerViewModel.swift in Sources */,
				1BFF4E6129E1AD17007E2A11 /* ContentView.swift in Sources */,
				1BFF4E9729E205D1007E2A11 /* BottomBarViewModel.swift in Sources */,
				1BFF4E8129E1F2FF007E2A11 /* Sector.swift in Sources */,
				1B29C50F29E311210025A624 /* Size.swift in Sources */,
				1BFF4E5F29E1AD17007E2A11 /* Dixit_BoardApp.swift in Sources */,
				1B29C4FB29E2134F0025A624 /* GameViewModel.swift in Sources */,
				1BFF4E7F29E1E8C1007E2A11 /* Triangle.swift in Sources */,
				1BFF4E8D29E1FBA9007E2A11 /* DXColor.swift in Sources */,
				1B29C50229E2F02A0025A624 /* TopBarView.swift in Sources */,
				1B29C50329E2F02A0025A624 /* TopBarViewModel.swift in Sources */,
				1B29C50D29E2F9A90025A624 /* Color.swift in Sources */,
				1BFF4E7B29E1E83A007E2A11 /* SectorView.swift in Sources */,
				1BFF4E8B29E1FAD8007E2A11 /* Player.swift in Sources */,
				1BFF4E9029E204A8007E2A11 /* View+Extension.swift in Sources */,
				1BFF4E9A29E20C96007E2A11 /* RoundedCornersShape.swift in Sources */,
				1BFF4E7129E1C2D3007E2A11 /* StackedCircles.swift in Sources */,
				1B29C50A29E2F5440025A624 /* PlayingTableView.swift in Sources */,
				1B29C4FA29E2134F0025A624 /* GameView.swift in Sources */,
				1BFF4E9629E205D1007E2A11 /* BottomBarView.swift in Sources */,
			);
			runOnlyForDeploymentPostprocessing = 0;
		};
/* End PBXSourcesBuildPhase section */

/* Begin XCBuildConfiguration section */
		1BFF4E6729E1AD18007E2A11 /* Debug */ = {
			isa = XCBuildConfiguration;
			buildSettings = {
				ALWAYS_SEARCH_USER_PATHS = NO;
				CLANG_ANALYZER_NONNULL = YES;
				CLANG_ANALYZER_NUMBER_OBJECT_CONVERSION = YES_AGGRESSIVE;
				CLANG_CXX_LANGUAGE_STANDARD = "gnu++20";
				CLANG_ENABLE_MODULES = YES;
				CLANG_ENABLE_OBJC_ARC = YES;
				CLANG_ENABLE_OBJC_WEAK = YES;
				CLANG_WARN_BLOCK_CAPTURE_AUTORELEASING = YES;
				CLANG_WARN_BOOL_CONVERSION = YES;
				CLANG_WARN_COMMA = YES;
				CLANG_WARN_CONSTANT_CONVERSION = YES;
				CLANG_WARN_DEPRECATED_OBJC_IMPLEMENTATIONS = YES;
				CLANG_WARN_DIRECT_OBJC_ISA_USAGE = YES_ERROR;
				CLANG_WARN_DOCUMENTATION_COMMENTS = YES;
				CLANG_WARN_EMPTY_BODY = YES;
				CLANG_WARN_ENUM_CONVERSION = YES;
				CLANG_WARN_INFINITE_RECURSION = YES;
				CLANG_WARN_INT_CONVERSION = YES;
				CLANG_WARN_NON_LITERAL_NULL_CONVERSION = YES;
				CLANG_WARN_OBJC_IMPLICIT_RETAIN_SELF = YES;
				CLANG_WARN_OBJC_LITERAL_CONVERSION = YES;
				CLANG_WARN_OBJC_ROOT_CLASS = YES_ERROR;
				CLANG_WARN_QUOTED_INCLUDE_IN_FRAMEWORK_HEADER = YES;
				CLANG_WARN_RANGE_LOOP_ANALYSIS = YES;
				CLANG_WARN_STRICT_PROTOTYPES = YES;
				CLANG_WARN_SUSPICIOUS_MOVE = YES;
				CLANG_WARN_UNGUARDED_AVAILABILITY = YES_AGGRESSIVE;
				CLANG_WARN_UNREACHABLE_CODE = YES;
				CLANG_WARN__DUPLICATE_METHOD_MATCH = YES;
				COPY_PHASE_STRIP = NO;
				DEBUG_INFORMATION_FORMAT = dwarf;
				ENABLE_STRICT_OBJC_MSGSEND = YES;
				ENABLE_TESTABILITY = YES;
				GCC_C_LANGUAGE_STANDARD = gnu11;
				GCC_DYNAMIC_NO_PIC = NO;
				GCC_NO_COMMON_BLOCKS = YES;
				GCC_OPTIMIZATION_LEVEL = 0;
				GCC_PREPROCESSOR_DEFINITIONS = (
					"DEBUG=1",
					"$(inherited)",
				);
				GCC_WARN_64_TO_32_BIT_CONVERSION = YES;
				GCC_WARN_ABOUT_RETURN_TYPE = YES_ERROR;
				GCC_WARN_UNDECLARED_SELECTOR = YES;
				GCC_WARN_UNINITIALIZED_AUTOS = YES_AGGRESSIVE;
				GCC_WARN_UNUSED_FUNCTION = YES;
				GCC_WARN_UNUSED_VARIABLE = YES;
				IPHONEOS_DEPLOYMENT_TARGET = 16.2;
				MTL_ENABLE_DEBUG_INFO = INCLUDE_SOURCE;
				MTL_FAST_MATH = YES;
				ONLY_ACTIVE_ARCH = YES;
				SDKROOT = iphoneos;
				SWIFT_ACTIVE_COMPILATION_CONDITIONS = DEBUG;
				SWIFT_OPTIMIZATION_LEVEL = "-Onone";
			};
			name = Debug;
		};
		1BFF4E6829E1AD18007E2A11 /* Release */ = {
			isa = XCBuildConfiguration;
			buildSettings = {
				ALWAYS_SEARCH_USER_PATHS = NO;
				CLANG_ANALYZER_NONNULL = YES;
				CLANG_ANALYZER_NUMBER_OBJECT_CONVERSION = YES_AGGRESSIVE;
				CLANG_CXX_LANGUAGE_STANDARD = "gnu++20";
				CLANG_ENABLE_MODULES = YES;
				CLANG_ENABLE_OBJC_ARC = YES;
				CLANG_ENABLE_OBJC_WEAK = YES;
				CLANG_WARN_BLOCK_CAPTURE_AUTORELEASING = YES;
				CLANG_WARN_BOOL_CONVERSION = YES;
				CLANG_WARN_COMMA = YES;
				CLANG_WARN_CONSTANT_CONVERSION = YES;
				CLANG_WARN_DEPRECATED_OBJC_IMPLEMENTATIONS = YES;
				CLANG_WARN_DIRECT_OBJC_ISA_USAGE = YES_ERROR;
				CLANG_WARN_DOCUMENTATION_COMMENTS = YES;
				CLANG_WARN_EMPTY_BODY = YES;
				CLANG_WARN_ENUM_CONVERSION = YES;
				CLANG_WARN_INFINITE_RECURSION = YES;
				CLANG_WARN_INT_CONVERSION = YES;
				CLANG_WARN_NON_LITERAL_NULL_CONVERSION = YES;
				CLANG_WARN_OBJC_IMPLICIT_RETAIN_SELF = YES;
				CLANG_WARN_OBJC_LITERAL_CONVERSION = YES;
				CLANG_WARN_OBJC_ROOT_CLASS = YES_ERROR;
				CLANG_WARN_QUOTED_INCLUDE_IN_FRAMEWORK_HEADER = YES;
				CLANG_WARN_RANGE_LOOP_ANALYSIS = YES;
				CLANG_WARN_STRICT_PROTOTYPES = YES;
				CLANG_WARN_SUSPICIOUS_MOVE = YES;
				CLANG_WARN_UNGUARDED_AVAILABILITY = YES_AGGRESSIVE;
				CLANG_WARN_UNREACHABLE_CODE = YES;
				CLANG_WARN__DUPLICATE_METHOD_MATCH = YES;
				COPY_PHASE_STRIP = NO;
				DEBUG_INFORMATION_FORMAT = "dwarf-with-dsym";
				ENABLE_NS_ASSERTIONS = NO;
				ENABLE_STRICT_OBJC_MSGSEND = YES;
				GCC_C_LANGUAGE_STANDARD = gnu11;
				GCC_NO_COMMON_BLOCKS = YES;
				GCC_WARN_64_TO_32_BIT_CONVERSION = YES;
				GCC_WARN_ABOUT_RETURN_TYPE = YES_ERROR;
				GCC_WARN_UNDECLARED_SELECTOR = YES;
				GCC_WARN_UNINITIALIZED_AUTOS = YES_AGGRESSIVE;
				GCC_WARN_UNUSED_FUNCTION = YES;
				GCC_WARN_UNUSED_VARIABLE = YES;
				IPHONEOS_DEPLOYMENT_TARGET = 16.2;
				MTL_ENABLE_DEBUG_INFO = NO;
				MTL_FAST_MATH = YES;
				SDKROOT = iphoneos;
				SWIFT_COMPILATION_MODE = wholemodule;
				SWIFT_OPTIMIZATION_LEVEL = "-O";
				VALIDATE_PRODUCT = YES;
			};
			name = Release;
		};
		1BFF4E6A29E1AD18007E2A11 /* Debug */ = {
			isa = XCBuildConfiguration;
			buildSettings = {
				ASSETCATALOG_COMPILER_APPICON_NAME = AppIcon;
				ASSETCATALOG_COMPILER_GLOBAL_ACCENT_COLOR_NAME = AccentColor;
				CODE_SIGN_STYLE = Automatic;
				CURRENT_PROJECT_VERSION = 1;
				DEVELOPMENT_ASSET_PATHS = "\"Dixit Board/Preview Content\"";
				DEVELOPMENT_TEAM = KY382G7762;
				ENABLE_PREVIEWS = YES;
				GENERATE_INFOPLIST_FILE = YES;
				INFOPLIST_KEY_UIApplicationSceneManifest_Generation = YES;
				INFOPLIST_KEY_UIApplicationSupportsIndirectInputEvents = YES;
				INFOPLIST_KEY_UILaunchScreen_Generation = YES;
				INFOPLIST_KEY_UISupportedInterfaceOrientations_iPad = "UIInterfaceOrientationPortrait UIInterfaceOrientationPortraitUpsideDown UIInterfaceOrientationLandscapeLeft UIInterfaceOrientationLandscapeRight";
				INFOPLIST_KEY_UISupportedInterfaceOrientations_iPhone = "UIInterfaceOrientationPortrait UIInterfaceOrientationLandscapeLeft UIInterfaceOrientationLandscapeRight";
				LD_RUNPATH_SEARCH_PATHS = (
					"$(inherited)",
					"@executable_path/Frameworks",
				);
				MARKETING_VERSION = 1.0;
				PRODUCT_BUNDLE_IDENTIFIER = "com.arybalkin.Dixit-Board";
				PRODUCT_NAME = "$(TARGET_NAME)";
				SWIFT_EMIT_LOC_STRINGS = YES;
				SWIFT_VERSION = 5.0;
				TARGETED_DEVICE_FAMILY = "1,2";
			};
			name = Debug;
		};
		1BFF4E6B29E1AD18007E2A11 /* Release */ = {
			isa = XCBuildConfiguration;
			buildSettings = {
				ASSETCATALOG_COMPILER_APPICON_NAME = AppIcon;
				ASSETCATALOG_COMPILER_GLOBAL_ACCENT_COLOR_NAME = AccentColor;
				CODE_SIGN_STYLE = Automatic;
				CURRENT_PROJECT_VERSION = 1;
				DEVELOPMENT_ASSET_PATHS = "\"Dixit Board/Preview Content\"";
				DEVELOPMENT_TEAM = KY382G7762;
				ENABLE_PREVIEWS = YES;
				GENERATE_INFOPLIST_FILE = YES;
				INFOPLIST_KEY_UIApplicationSceneManifest_Generation = YES;
				INFOPLIST_KEY_UIApplicationSupportsIndirectInputEvents = YES;
				INFOPLIST_KEY_UILaunchScreen_Generation = YES;
				INFOPLIST_KEY_UISupportedInterfaceOrientations_iPad = "UIInterfaceOrientationPortrait UIInterfaceOrientationPortraitUpsideDown UIInterfaceOrientationLandscapeLeft UIInterfaceOrientationLandscapeRight";
				INFOPLIST_KEY_UISupportedInterfaceOrientations_iPhone = "UIInterfaceOrientationPortrait UIInterfaceOrientationLandscapeLeft UIInterfaceOrientationLandscapeRight";
				LD_RUNPATH_SEARCH_PATHS = (
					"$(inherited)",
					"@executable_path/Frameworks",
				);
				MARKETING_VERSION = 1.0;
				PRODUCT_BUNDLE_IDENTIFIER = "com.arybalkin.Dixit-Board";
				PRODUCT_NAME = "$(TARGET_NAME)";
				SWIFT_EMIT_LOC_STRINGS = YES;
				SWIFT_VERSION = 5.0;
				TARGETED_DEVICE_FAMILY = "1,2";
			};
			name = Release;
		};
/* End XCBuildConfiguration section */

/* Begin XCConfigurationList section */
		1BFF4E5629E1AD17007E2A11 /* Build configuration list for PBXProject "Dixit Board" */ = {
			isa = XCConfigurationList;
			buildConfigurations = (
				1BFF4E6729E1AD18007E2A11 /* Debug */,
				1BFF4E6829E1AD18007E2A11 /* Release */,
			);
			defaultConfigurationIsVisible = 0;
			defaultConfigurationName = Release;
		};
		1BFF4E6929E1AD18007E2A11 /* Build configuration list for PBXNativeTarget "Dixit Board" */ = {
			isa = XCConfigurationList;
			buildConfigurations = (
				1BFF4E6A29E1AD18007E2A11 /* Debug */,
				1BFF4E6B29E1AD18007E2A11 /* Release */,
			);
			defaultConfigurationIsVisible = 0;
			defaultConfigurationName = Release;
		};
/* End XCConfigurationList section */
	};
	rootObject = 1BFF4E5329E1AD17007E2A11 /* Project object */;
}
